// !$*UTF8*$!
{
	archiveVersion = 1;
	classes = {
	};
	objectVersion = 46;
	objects = {

/* Begin PBXBuildFile section */
		D3E3CBF51B788BB200EF6BF9 /* main.m in Sources */ = {isa = PBXBuildFile; fileRef = D3E3CBF41B788BB200EF6BF9 /* main.m */; };
		D3E3CBF81B788BB200EF6BF9 /* AppDelegate.m in Sources */ = {isa = PBXBuildFile; fileRef = D3E3CBF71B788BB200EF6BF9 /* AppDelegate.m */; };
		D3E3CBFB1B788BB200EF6BF9 /* ViewController.m in Sources */ = {isa = PBXBuildFile; fileRef = D3E3CBFA1B788BB200EF6BF9 /* ViewController.m */; };
		D3E3CBFE1B788BB200EF6BF9 /* Main.storyboard in Resources */ = {isa = PBXBuildFile; fileRef = D3E3CBFC1B788BB200EF6BF9 /* Main.storyboard */; };
		D3E3CC001B788BB200EF6BF9 /* Images.xcassets in Resources */ = {isa = PBXBuildFile; fileRef = D3E3CBFF1B788BB200EF6BF9 /* Images.xcassets */; };
		D3E3CC031B788BB200EF6BF9 /* LaunchScreen.xib in Resources */ = {isa = PBXBuildFile; fileRef = D3E3CC011B788BB200EF6BF9 /* LaunchScreen.xib */; };
		D3E3CC0F1B788BB200EF6BF9 /* ADScrollviewDemoTests.m in Sources */ = {isa = PBXBuildFile; fileRef = D3E3CC0E1B788BB200EF6BF9 /* ADScrollviewDemoTests.m */; };
		D3E3CC3F1B788C1C00EF6BF9 /* LICENSE in Resources */ = {isa = PBXBuildFile; fileRef = D3E3CC1F1B788C1C00EF6BF9 /* LICENSE */; };
		D3E3CC401B788C1C00EF6BF9 /* README.md in Sources */ = {isa = PBXBuildFile; fileRef = D3E3CC201B788C1C00EF6BF9 /* README.md */; };
		D3E3CC411B788C1C00EF6BF9 /* NSData+ImageContentType.m in Sources */ = {isa = PBXBuildFile; fileRef = D3E3CC231B788C1C00EF6BF9 /* NSData+ImageContentType.m */; };
		D3E3CC421B788C1C00EF6BF9 /* SDImageCache.m in Sources */ = {isa = PBXBuildFile; fileRef = D3E3CC251B788C1C00EF6BF9 /* SDImageCache.m */; };
		D3E3CC431B788C1C00EF6BF9 /* SDWebImageCompat.m in Sources */ = {isa = PBXBuildFile; fileRef = D3E3CC271B788C1C00EF6BF9 /* SDWebImageCompat.m */; };
		D3E3CC441B788C1C00EF6BF9 /* SDWebImageDecoder.m in Sources */ = {isa = PBXBuildFile; fileRef = D3E3CC291B788C1C00EF6BF9 /* SDWebImageDecoder.m */; };
		D3E3CC451B788C1C00EF6BF9 /* SDWebImageDownloader.m in Sources */ = {isa = PBXBuildFile; fileRef = D3E3CC2B1B788C1C00EF6BF9 /* SDWebImageDownloader.m */; };
		D3E3CC461B788C1C00EF6BF9 /* SDWebImageDownloaderOperation.m in Sources */ = {isa = PBXBuildFile; fileRef = D3E3CC2D1B788C1C00EF6BF9 /* SDWebImageDownloaderOperation.m */; };
		D3E3CC471B788C1C00EF6BF9 /* SDWebImageManager.m in Sources */ = {isa = PBXBuildFile; fileRef = D3E3CC2F1B788C1C00EF6BF9 /* SDWebImageManager.m */; };
		D3E3CC481B788C1C00EF6BF9 /* SDWebImagePrefetcher.m in Sources */ = {isa = PBXBuildFile; fileRef = D3E3CC321B788C1C00EF6BF9 /* SDWebImagePrefetcher.m */; };
		D3E3CC491B788C1C00EF6BF9 /* UIButton+WebCache.m in Sources */ = {isa = PBXBuildFile; fileRef = D3E3CC341B788C1C00EF6BF9 /* UIButton+WebCache.m */; };
		D3E3CC4A1B788C1C00EF6BF9 /* UIImage+GIF.m in Sources */ = {isa = PBXBuildFile; fileRef = D3E3CC361B788C1C00EF6BF9 /* UIImage+GIF.m */; };
		D3E3CC4B1B788C1C00EF6BF9 /* UIImage+MultiFormat.m in Sources */ = {isa = PBXBuildFile; fileRef = D3E3CC381B788C1C00EF6BF9 /* UIImage+MultiFormat.m */; };
		D3E3CC4C1B788C1C00EF6BF9 /* UIImageView+HighlightedWebCache.m in Sources */ = {isa = PBXBuildFile; fileRef = D3E3CC3A1B788C1C00EF6BF9 /* UIImageView+HighlightedWebCache.m */; };
		D3E3CC4D1B788C1C00EF6BF9 /* UIImageView+WebCache.m in Sources */ = {isa = PBXBuildFile; fileRef = D3E3CC3C1B788C1C00EF6BF9 /* UIImageView+WebCache.m */; };
		D3E3CC4E1B788C1C00EF6BF9 /* UIView+WebCacheOperation.m in Sources */ = {isa = PBXBuildFile; fileRef = D3E3CC3E1B788C1C00EF6BF9 /* UIView+WebCacheOperation.m */; };
		D3E3CC531B788C4700EF6BF9 /* ADScrollview.m in Sources */ = {isa = PBXBuildFile; fileRef = D3E3CC511B788C4700EF6BF9 /* ADScrollview.m */; };
		D3E3CC541B788C4700EF6BF9 /* ADScrollview.xib in Resources */ = {isa = PBXBuildFile; fileRef = D3E3CC521B788C4700EF6BF9 /* ADScrollview.xib */; };
		D3E3CC561B788D0500EF6BF9 /* nilPic.png in Resources */ = {isa = PBXBuildFile; fileRef = D3E3CC551B788D0500EF6BF9 /* nilPic.png */; };
		D3E3CC581B7896FF00EF6BF9 /* demoGif.gif in Resources */ = {isa = PBXBuildFile; fileRef = D3E3CC571B7896FF00EF6BF9 /* demoGif.gif */; };
/* End PBXBuildFile section */

/* Begin PBXContainerItemProxy section */
		D3E3CC091B788BB200EF6BF9 /* PBXContainerItemProxy */ = {
			isa = PBXContainerItemProxy;
			containerPortal = D3E3CBE71B788BB200EF6BF9 /* Project object */;
			proxyType = 1;
			remoteGlobalIDString = D3E3CBEE1B788BB200EF6BF9;
			remoteInfo = ADScrollviewDemo;
		};
/* End PBXContainerItemProxy section */

/* Begin PBXFileReference section */
		D3E3CBEF1B788BB200EF6BF9 /* ADScrollviewDemo.app */ = {isa = PBXFileReference; explicitFileType = wrapper.application; includeInIndex = 0; path = ADScrollviewDemo.app; sourceTree = BUILT_PRODUCTS_DIR; };
		D3E3CBF31B788BB200EF6BF9 /* Info.plist */ = {isa = PBXFileReference; lastKnownFileType = text.plist.xml; path = Info.plist; sourceTree = "<group>"; };
		D3E3CBF41B788BB200EF6BF9 /* main.m */ = {isa = PBXFileReference; lastKnownFileType = sourcecode.c.objc; path = main.m; sourceTree = "<group>"; };
		D3E3CBF61B788BB200EF6BF9 /* AppDelegate.h */ = {isa = PBXFileReference; lastKnownFileType = sourcecode.c.h; path = AppDelegate.h; sourceTree = "<group>"; };
		D3E3CBF71B788BB200EF6BF9 /* AppDelegate.m */ = {isa = PBXFileReference; lastKnownFileType = sourcecode.c.objc; path = AppDelegate.m; sourceTree = "<group>"; };
		D3E3CBF91B788BB200EF6BF9 /* ViewController.h */ = {isa = PBXFileReference; lastKnownFileType = sourcecode.c.h; path = ViewController.h; sourceTree = "<group>"; };
		D3E3CBFA1B788BB200EF6BF9 /* ViewController.m */ = {isa = PBXFileReference; lastKnownFileType = sourcecode.c.objc; path = ViewController.m; sourceTree = "<group>"; };
		D3E3CBFD1B788BB200EF6BF9 /* Base */ = {isa = PBXFileReference; lastKnownFileType = file.storyboard; name = Base; path = Base.lproj/Main.storyboard; sourceTree = "<group>"; };
		D3E3CBFF1B788BB200EF6BF9 /* Images.xcassets */ = {isa = PBXFileReference; lastKnownFileType = folder.assetcatalog; path = Images.xcassets; sourceTree = "<group>"; };
		D3E3CC021B788BB200EF6BF9 /* Base */ = {isa = PBXFileReference; lastKnownFileType = file.xib; name = Base; path = Base.lproj/LaunchScreen.xib; sourceTree = "<group>"; };
		D3E3CC081B788BB200EF6BF9 /* ADScrollviewDemoTests.xctest */ = {isa = PBXFileReference; explicitFileType = wrapper.cfbundle; includeInIndex = 0; path = ADScrollviewDemoTests.xctest; sourceTree = BUILT_PRODUCTS_DIR; };
		D3E3CC0D1B788BB200EF6BF9 /* Info.plist */ = {isa = PBXFileReference; lastKnownFileType = text.plist.xml; path = Info.plist; sourceTree = "<group>"; };
		D3E3CC0E1B788BB200EF6BF9 /* ADScrollviewDemoTests.m */ = {isa = PBXFileReference; lastKnownFileType = sourcecode.c.objc; path = ADScrollviewDemoTests.m; sourceTree = "<group>"; };
		D3E3CC1F1B788C1C00EF6BF9 /* LICENSE */ = {isa = PBXFileReference; fileEncoding = 4; lastKnownFileType = text; path = LICENSE; sourceTree = "<group>"; };
		D3E3CC201B788C1C00EF6BF9 /* README.md */ = {isa = PBXFileReference; fileEncoding = 4; lastKnownFileType = net.daringfireball.markdown; path = README.md; sourceTree = "<group>"; };
		D3E3CC221B788C1C00EF6BF9 /* NSData+ImageContentType.h */ = {isa = PBXFileReference; fileEncoding = 4; lastKnownFileType = sourcecode.c.h; path = "NSData+ImageContentType.h"; sourceTree = "<group>"; };
		D3E3CC231B788C1C00EF6BF9 /* NSData+ImageContentType.m */ = {isa = PBXFileReference; fileEncoding = 4; lastKnownFileType = sourcecode.c.objc; path = "NSData+ImageContentType.m"; sourceTree = "<group>"; };
		D3E3CC241B788C1C00EF6BF9 /* SDImageCache.h */ = {isa = PBXFileReference; fileEncoding = 4; lastKnownFileType = sourcecode.c.h; path = SDImageCache.h; sourceTree = "<group>"; };
		D3E3CC251B788C1C00EF6BF9 /* SDImageCache.m */ = {isa = PBXFileReference; fileEncoding = 4; lastKnownFileType = sourcecode.c.objc; path = SDImageCache.m; sourceTree = "<group>"; };
		D3E3CC261B788C1C00EF6BF9 /* SDWebImageCompat.h */ = {isa = PBXFileReference; fileEncoding = 4; lastKnownFileType = sourcecode.c.h; path = SDWebImageCompat.h; sourceTree = "<group>"; };
		D3E3CC271B788C1C00EF6BF9 /* SDWebImageCompat.m */ = {isa = PBXFileReference; fileEncoding = 4; lastKnownFileType = sourcecode.c.objc; path = SDWebImageCompat.m; sourceTree = "<group>"; };
		D3E3CC281B788C1C00EF6BF9 /* SDWebImageDecoder.h */ = {isa = PBXFileReference; fileEncoding = 4; lastKnownFileType = sourcecode.c.h; path = SDWebImageDecoder.h; sourceTree = "<group>"; };
		D3E3CC291B788C1C00EF6BF9 /* SDWebImageDecoder.m */ = {isa = PBXFileReference; fileEncoding = 4; lastKnownFileType = sourcecode.c.objc; path = SDWebImageDecoder.m; sourceTree = "<group>"; };
		D3E3CC2A1B788C1C00EF6BF9 /* SDWebImageDownloader.h */ = {isa = PBXFileReference; fileEncoding = 4; lastKnownFileType = sourcecode.c.h; path = SDWebImageDownloader.h; sourceTree = "<group>"; };
		D3E3CC2B1B788C1C00EF6BF9 /* SDWebImageDownloader.m */ = {isa = PBXFileReference; fileEncoding = 4; lastKnownFileType = sourcecode.c.objc; path = SDWebImageDownloader.m; sourceTree = "<group>"; };
		D3E3CC2C1B788C1C00EF6BF9 /* SDWebImageDownloaderOperation.h */ = {isa = PBXFileReference; fileEncoding = 4; lastKnownFileType = sourcecode.c.h; path = SDWebImageDownloaderOperation.h; sourceTree = "<group>"; };
		D3E3CC2D1B788C1C00EF6BF9 /* SDWebImageDownloaderOperation.m */ = {isa = PBXFileReference; fileEncoding = 4; lastKnownFileType = sourcecode.c.objc; path = SDWebImageDownloaderOperation.m; sourceTree = "<group>"; };
		D3E3CC2E1B788C1C00EF6BF9 /* SDWebImageManager.h */ = {isa = PBXFileReference; fileEncoding = 4; lastKnownFileType = sourcecode.c.h; path = SDWebImageManager.h; sourceTree = "<group>"; };
		D3E3CC2F1B788C1C00EF6BF9 /* SDWebImageManager.m */ = {isa = PBXFileReference; fileEncoding = 4; lastKnownFileType = sourcecode.c.objc; path = SDWebImageManager.m; sourceTree = "<group>"; };
		D3E3CC301B788C1C00EF6BF9 /* SDWebImageOperation.h */ = {isa = PBXFileReference; fileEncoding = 4; lastKnownFileType = sourcecode.c.h; path = SDWebImageOperation.h; sourceTree = "<group>"; };
		D3E3CC311B788C1C00EF6BF9 /* SDWebImagePrefetcher.h */ = {isa = PBXFileReference; fileEncoding = 4; lastKnownFileType = sourcecode.c.h; path = SDWebImagePrefetcher.h; sourceTree = "<group>"; };
		D3E3CC321B788C1C00EF6BF9 /* SDWebImagePrefetcher.m */ = {isa = PBXFileReference; fileEncoding = 4; lastKnownFileType = sourcecode.c.objc; path = SDWebImagePrefetcher.m; sourceTree = "<group>"; };
		D3E3CC331B788C1C00EF6BF9 /* UIButton+WebCache.h */ = {isa = PBXFileReference; fileEncoding = 4; lastKnownFileType = sourcecode.c.h; path = "UIButton+WebCache.h"; sourceTree = "<group>"; };
		D3E3CC341B788C1C00EF6BF9 /* UIButton+WebCache.m */ = {isa = PBXFileReference; fileEncoding = 4; lastKnownFileType = sourcecode.c.objc; path = "UIButton+WebCache.m"; sourceTree = "<group>"; };
		D3E3CC351B788C1C00EF6BF9 /* UIImage+GIF.h */ = {isa = PBXFileReference; fileEncoding = 4; lastKnownFileType = sourcecode.c.h; path = "UIImage+GIF.h"; sourceTree = "<group>"; };
		D3E3CC361B788C1C00EF6BF9 /* UIImage+GIF.m */ = {isa = PBXFileReference; fileEncoding = 4; lastKnownFileType = sourcecode.c.objc; path = "UIImage+GIF.m"; sourceTree = "<group>"; };
		D3E3CC371B788C1C00EF6BF9 /* UIImage+MultiFormat.h */ = {isa = PBXFileReference; fileEncoding = 4; lastKnownFileType = sourcecode.c.h; path = "UIImage+MultiFormat.h"; sourceTree = "<group>"; };
		D3E3CC381B788C1C00EF6BF9 /* UIImage+MultiFormat.m */ = {isa = PBXFileReference; fileEncoding = 4; lastKnownFileType = sourcecode.c.objc; path = "UIImage+MultiFormat.m"; sourceTree = "<group>"; };
		D3E3CC391B788C1C00EF6BF9 /* UIImageView+HighlightedWebCache.h */ = {isa = PBXFileReference; fileEncoding = 4; lastKnownFileType = sourcecode.c.h; path = "UIImageView+HighlightedWebCache.h"; sourceTree = "<group>"; };
		D3E3CC3A1B788C1C00EF6BF9 /* UIImageView+HighlightedWebCache.m */ = {isa = PBXFileReference; fileEncoding = 4; lastKnownFileType = sourcecode.c.objc; path = "UIImageView+HighlightedWebCache.m"; sourceTree = "<group>"; };
		D3E3CC3B1B788C1C00EF6BF9 /* UIImageView+WebCache.h */ = {isa = PBXFileReference; fileEncoding = 4; lastKnownFileType = sourcecode.c.h; path = "UIImageView+WebCache.h"; sourceTree = "<group>"; };
		D3E3CC3C1B788C1C00EF6BF9 /* UIImageView+WebCache.m */ = {isa = PBXFileReference; fileEncoding = 4; lastKnownFileType = sourcecode.c.objc; path = "UIImageView+WebCache.m"; sourceTree = "<group>"; };
		D3E3CC3D1B788C1C00EF6BF9 /* UIView+WebCacheOperation.h */ = {isa = PBXFileReference; fileEncoding = 4; lastKnownFileType = sourcecode.c.h; path = "UIView+WebCacheOperation.h"; sourceTree = "<group>"; };
		D3E3CC3E1B788C1C00EF6BF9 /* UIView+WebCacheOperation.m */ = {isa = PBXFileReference; fileEncoding = 4; lastKnownFileType = sourcecode.c.objc; path = "UIView+WebCacheOperation.m"; sourceTree = "<group>"; };
		D3E3CC501B788C4700EF6BF9 /* ADScrollview.h */ = {isa = PBXFileReference; fileEncoding = 4; lastKnownFileType = sourcecode.c.h; path = ADScrollview.h; sourceTree = "<group>"; };
		D3E3CC511B788C4700EF6BF9 /* ADScrollview.m */ = {isa = PBXFileReference; fileEncoding = 4; lastKnownFileType = sourcecode.c.objc; path = ADScrollview.m; sourceTree = "<group>"; };
		D3E3CC521B788C4700EF6BF9 /* ADScrollview.xib */ = {isa = PBXFileReference; fileEncoding = 4; lastKnownFileType = file.xib; path = ADScrollview.xib; sourceTree = "<group>"; };
		D3E3CC551B788D0500EF6BF9 /* nilPic.png */ = {isa = PBXFileReference; lastKnownFileType = image.png; path = nilPic.png; sourceTree = "<group>"; };
		D3E3CC571B7896FF00EF6BF9 /* demoGif.gif */ = {isa = PBXFileReference; lastKnownFileType = image.gif; path = demoGif.gif; sourceTree = "<group>"; };
/* End PBXFileReference section */

/* Begin PBXFrameworksBuildPhase section */
		D3E3CBEC1B788BB200EF6BF9 /* Frameworks */ = {
			isa = PBXFrameworksBuildPhase;
			buildActionMask = 2147483647;
			files = (
			);
			runOnlyForDeploymentPostprocessing = 0;
		};
		D3E3CC051B788BB200EF6BF9 /* Frameworks */ = {
			isa = PBXFrameworksBuildPhase;
			buildActionMask = 2147483647;
			files = (
			);
			runOnlyForDeploymentPostprocessing = 0;
		};
/* End PBXFrameworksBuildPhase section */

/* Begin PBXGroup section */
		D3E3CBE61B788BB200EF6BF9 = {
			isa = PBXGroup;
			children = (
				D3E3CBF11B788BB200EF6BF9 /* ADScrollviewDemo */,
				D3E3CC0B1B788BB200EF6BF9 /* ADScrollviewDemoTests */,
				D3E3CBF01B788BB200EF6BF9 /* Products */,
			);
			sourceTree = "<group>";
		};
		D3E3CBF01B788BB200EF6BF9 /* Products */ = {
			isa = PBXGroup;
			children = (
				D3E3CBEF1B788BB200EF6BF9 /* ADScrollviewDemo.app */,
				D3E3CC081B788BB200EF6BF9 /* ADScrollviewDemoTests.xctest */,
			);
			name = Products;
			sourceTree = "<group>";
		};
		D3E3CBF11B788BB200EF6BF9 /* ADScrollviewDemo */ = {
			isa = PBXGroup;
			children = (
				D3E3CC571B7896FF00EF6BF9 /* demoGif.gif */,
				D3E3CC4F1B788C2200EF6BF9 /* ADScrollview */,
				D3E3CBF61B788BB200EF6BF9 /* AppDelegate.h */,
				D3E3CBF71B788BB200EF6BF9 /* AppDelegate.m */,
				D3E3CBF91B788BB200EF6BF9 /* ViewController.h */,
				D3E3CBFA1B788BB200EF6BF9 /* ViewController.m */,
				D3E3CBFC1B788BB200EF6BF9 /* Main.storyboard */,
				D3E3CBFF1B788BB200EF6BF9 /* Images.xcassets */,
				D3E3CC011B788BB200EF6BF9 /* LaunchScreen.xib */,
				D3E3CC1E1B788C1C00EF6BF9 /* SDWebImage */,
				D3E3CBF21B788BB200EF6BF9 /* Supporting Files */,
			);
			path = ADScrollviewDemo;
			sourceTree = "<group>";
		};
		D3E3CBF21B788BB200EF6BF9 /* Supporting Files */ = {
			isa = PBXGroup;
			children = (
				D3E3CBF31B788BB200EF6BF9 /* Info.plist */,
				D3E3CBF41B788BB200EF6BF9 /* main.m */,
			);
			name = "Supporting Files";
			sourceTree = "<group>";
		};
		D3E3CC0B1B788BB200EF6BF9 /* ADScrollviewDemoTests */ = {
			isa = PBXGroup;
			children = (
				D3E3CC0E1B788BB200EF6BF9 /* ADScrollviewDemoTests.m */,
				D3E3CC0C1B788BB200EF6BF9 /* Supporting Files */,
			);
			path = ADScrollviewDemoTests;
			sourceTree = "<group>";
		};
		D3E3CC0C1B788BB200EF6BF9 /* Supporting Files */ = {
			isa = PBXGroup;
			children = (
				D3E3CC0D1B788BB200EF6BF9 /* Info.plist */,
			);
			name = "Supporting Files";
			sourceTree = "<group>";
		};
		D3E3CC1E1B788C1C00EF6BF9 /* SDWebImage */ = {
			isa = PBXGroup;
			children = (
				D3E3CC1F1B788C1C00EF6BF9 /* LICENSE */,
				D3E3CC201B788C1C00EF6BF9 /* README.md */,
				D3E3CC211B788C1C00EF6BF9 /* SDWebImage */,
			);
			path = SDWebImage;
			sourceTree = "<group>";
		};
		D3E3CC211B788C1C00EF6BF9 /* SDWebImage */ = {
			isa = PBXGroup;
			children = (
				D3E3CC221B788C1C00EF6BF9 /* NSData+ImageContentType.h */,
				D3E3CC231B788C1C00EF6BF9 /* NSData+ImageContentType.m */,
				D3E3CC241B788C1C00EF6BF9 /* SDImageCache.h */,
				D3E3CC251B788C1C00EF6BF9 /* SDImageCache.m */,
				D3E3CC261B788C1C00EF6BF9 /* SDWebImageCompat.h */,
				D3E3CC271B788C1C00EF6BF9 /* SDWebImageCompat.m */,
				D3E3CC281B788C1C00EF6BF9 /* SDWebImageDecoder.h */,
				D3E3CC291B788C1C00EF6BF9 /* SDWebImageDecoder.m */,
				D3E3CC2A1B788C1C00EF6BF9 /* SDWebImageDownloader.h */,
				D3E3CC2B1B788C1C00EF6BF9 /* SDWebImageDownloader.m */,
				D3E3CC2C1B788C1C00EF6BF9 /* SDWebImageDownloaderOperation.h */,
				D3E3CC2D1B788C1C00EF6BF9 /* SDWebImageDownloaderOperation.m */,
				D3E3CC2E1B788C1C00EF6BF9 /* SDWebImageManager.h */,
				D3E3CC2F1B788C1C00EF6BF9 /* SDWebImageManager.m */,
				D3E3CC301B788C1C00EF6BF9 /* SDWebImageOperation.h */,
				D3E3CC311B788C1C00EF6BF9 /* SDWebImagePrefetcher.h */,
				D3E3CC321B788C1C00EF6BF9 /* SDWebImagePrefetcher.m */,
				D3E3CC331B788C1C00EF6BF9 /* UIButton+WebCache.h */,
				D3E3CC341B788C1C00EF6BF9 /* UIButton+WebCache.m */,
				D3E3CC351B788C1C00EF6BF9 /* UIImage+GIF.h */,
				D3E3CC361B788C1C00EF6BF9 /* UIImage+GIF.m */,
				D3E3CC371B788C1C00EF6BF9 /* UIImage+MultiFormat.h */,
				D3E3CC381B788C1C00EF6BF9 /* UIImage+MultiFormat.m */,
				D3E3CC391B788C1C00EF6BF9 /* UIImageView+HighlightedWebCache.h */,
				D3E3CC3A1B788C1C00EF6BF9 /* UIImageView+HighlightedWebCache.m */,
				D3E3CC3B1B788C1C00EF6BF9 /* UIImageView+WebCache.h */,
				D3E3CC3C1B788C1C00EF6BF9 /* UIImageView+WebCache.m */,
				D3E3CC3D1B788C1C00EF6BF9 /* UIView+WebCacheOperation.h */,
				D3E3CC3E1B788C1C00EF6BF9 /* UIView+WebCacheOperation.m */,
			);
			path = SDWebImage;
			sourceTree = "<group>";
		};
		D3E3CC4F1B788C2200EF6BF9 /* ADScrollview */ = {
			isa = PBXGroup;
			children = (
				D3E3CC551B788D0500EF6BF9 /* nilPic.png */,
				D3E3CC501B788C4700EF6BF9 /* ADScrollview.h */,
				D3E3CC511B788C4700EF6BF9 /* ADScrollview.m */,
				D3E3CC521B788C4700EF6BF9 /* ADScrollview.xib */,
			);
			name = ADScrollview;
			sourceTree = "<group>";
		};
/* End PBXGroup section */

/* Begin PBXNativeTarget section */
		D3E3CBEE1B788BB200EF6BF9 /* ADScrollviewDemo */ = {
			isa = PBXNativeTarget;
			buildConfigurationList = D3E3CC121B788BB200EF6BF9 /* Build configuration list for PBXNativeTarget "ADScrollviewDemo" */;
			buildPhases = (
				D3E3CBEB1B788BB200EF6BF9 /* Sources */,
				D3E3CBEC1B788BB200EF6BF9 /* Frameworks */,
				D3E3CBED1B788BB200EF6BF9 /* Resources */,
			);
			buildRules = (
			);
			dependencies = (
			);
			name = ADScrollviewDemo;
			productName = ADScrollviewDemo;
			productReference = D3E3CBEF1B788BB200EF6BF9 /* ADScrollviewDemo.app */;
			productType = "com.apple.product-type.application";
		};
		D3E3CC071B788BB200EF6BF9 /* ADScrollviewDemoTests */ = {
			isa = PBXNativeTarget;
			buildConfigurationList = D3E3CC151B788BB200EF6BF9 /* Build configuration list for PBXNativeTarget "ADScrollviewDemoTests" */;
			buildPhases = (
				D3E3CC041B788BB200EF6BF9 /* Sources */,
				D3E3CC051B788BB200EF6BF9 /* Frameworks */,
				D3E3CC061B788BB200EF6BF9 /* Resources */,
			);
			buildRules = (
			);
			dependencies = (
				D3E3CC0A1B788BB200EF6BF9 /* PBXTargetDependency */,
			);
			name = ADScrollviewDemoTests;
			productName = ADScrollviewDemoTests;
			productReference = D3E3CC081B788BB200EF6BF9 /* ADScrollviewDemoTests.xctest */;
			productType = "com.apple.product-type.bundle.unit-test";
		};
/* End PBXNativeTarget section */

/* Begin PBXProject section */
		D3E3CBE71B788BB200EF6BF9 /* Project object */ = {
			isa = PBXProject;
			attributes = {
				LastUpgradeCheck = 0630;
				ORGANIZATIONNAME = lyl;
				TargetAttributes = {
					D3E3CBEE1B788BB200EF6BF9 = {
						CreatedOnToolsVersion = 6.3.1;
					};
					D3E3CC071B788BB200EF6BF9 = {
						CreatedOnToolsVersion = 6.3.1;
						TestTargetID = D3E3CBEE1B788BB200EF6BF9;
					};
				};
			};
			buildConfigurationList = D3E3CBEA1B788BB200EF6BF9 /* Build configuration list for PBXProject "ADScrollviewDemo" */;
			compatibilityVersion = "Xcode 3.2";
			developmentRegion = English;
			hasScannedForEncodings = 0;
			knownRegions = (
				en,
				Base,
			);
			mainGroup = D3E3CBE61B788BB200EF6BF9;
			productRefGroup = D3E3CBF01B788BB200EF6BF9 /* Products */;
			projectDirPath = "";
			projectRoot = "";
			targets = (
				D3E3CBEE1B788BB200EF6BF9 /* ADScrollviewDemo */,
				D3E3CC071B788BB200EF6BF9 /* ADScrollviewDemoTests */,
			);
		};
/* End PBXProject section */

/* Begin PBXResourcesBuildPhase section */
		D3E3CBED1B788BB200EF6BF9 /* Resources */ = {
			isa = PBXResourcesBuildPhase;
			buildActionMask = 2147483647;
			files = (
				D3E3CC581B7896FF00EF6BF9 /* demoGif.gif in Resources */,
				D3E3CC541B788C4700EF6BF9 /* ADScrollview.xib in Resources */,
				D3E3CBFE1B788BB200EF6BF9 /* Main.storyboard in Resources */,
				D3E3CC561B788D0500EF6BF9 /* nilPic.png in Resources */,
				D3E3CC031B788BB200EF6BF9 /* LaunchScreen.xib in Resources */,
				D3E3CC3F1B788C1C00EF6BF9 /* LICENSE in Resources */,
				D3E3CC001B788BB200EF6BF9 /* Images.xcassets in Resources */,
			);
			runOnlyForDeploymentPostprocessing = 0;
		};
		D3E3CC061B788BB200EF6BF9 /* Resources */ = {
			isa = PBXResourcesBuildPhase;
			buildActionMask = 2147483647;
			files = (
			);
			runOnlyForDeploymentPostprocessing = 0;
		};
/* End PBXResourcesBuildPhase section */

/* Begin PBXSourcesBuildPhase section */
		D3E3CBEB1B788BB200EF6BF9 /* Sources */ = {
			isa = PBXSourcesBuildPhase;
			buildActionMask = 2147483647;
			files = (
				D3E3CC411B788C1C00EF6BF9 /* NSData+ImageContentType.m in Sources */,
				D3E3CC471B788C1C00EF6BF9 /* SDWebImageManager.m in Sources */,
				D3E3CC4C1B788C1C00EF6BF9 /* UIImageView+HighlightedWebCache.m in Sources */,
				D3E3CC451B788C1C00EF6BF9 /* SDWebImageDownloader.m in Sources */,
				D3E3CC4D1B788C1C00EF6BF9 /* UIImageView+WebCache.m in Sources */,
				D3E3CC421B788C1C00EF6BF9 /* SDImageCache.m in Sources */,
				D3E3CBFB1B788BB200EF6BF9 /* ViewController.m in Sources */,
				D3E3CBF81B788BB200EF6BF9 /* AppDelegate.m in Sources */,
				D3E3CC531B788C4700EF6BF9 /* ADScrollview.m in Sources */,
				D3E3CC441B788C1C00EF6BF9 /* SDWebImageDecoder.m in Sources */,
				D3E3CC4B1B788C1C00EF6BF9 /* UIImage+MultiFormat.m in Sources */,
				D3E3CC461B788C1C00EF6BF9 /* SDWebImageDownloaderOperation.m in Sources */,
				D3E3CC401B788C1C00EF6BF9 /* README.md in Sources */,
				D3E3CC491B788C1C00EF6BF9 /* UIButton+WebCache.m in Sources */,
				D3E3CC481B788C1C00EF6BF9 /* SDWebImagePrefetcher.m in Sources */,
				D3E3CC431B788C1C00EF6BF9 /* SDWebImageCompat.m in Sources */,
				D3E3CC4A1B788C1C00EF6BF9 /* UIImage+GIF.m in Sources */,
				D3E3CC4E1B788C1C00EF6BF9 /* UIView+WebCacheOperation.m in Sources */,
				D3E3CBF51B788BB200EF6BF9 /* main.m in Sources */,
			);
			runOnlyForDeploymentPostprocessing = 0;
		};
		D3E3CC041B788BB200EF6BF9 /* Sources */ = {
			isa = PBXSourcesBuildPhase;
			buildActionMask = 2147483647;
			files = (
				D3E3CC0F1B788BB200EF6BF9 /* ADScrollviewDemoTests.m in Sources */,
			);
			runOnlyForDeploymentPostprocessing = 0;
		};
/* End PBXSourcesBuildPhase section */

/* Begin PBXTargetDependency section */
		D3E3CC0A1B788BB200EF6BF9 /* PBXTargetDependency */ = {
			isa = PBXTargetDependency;
			target = D3E3CBEE1B788BB200EF6BF9 /* ADScrollviewDemo */;
			targetProxy = D3E3CC091B788BB200EF6BF9 /* PBXContainerItemProxy */;
		};
/* End PBXTargetDependency section */

/* Begin PBXVariantGroup section */
		D3E3CBFC1B788BB200EF6BF9 /* Main.storyboard */ = {
			isa = PBXVariantGroup;
			children = (
				D3E3CBFD1B788BB200EF6BF9 /* Base */,
			);
			name = Main.storyboard;
			sourceTree = "<group>";
		};
		D3E3CC011B788BB200EF6BF9 /* LaunchScreen.xib */ = {
			isa = PBXVariantGroup;
			children = (
				D3E3CC021B788BB200EF6BF9 /* Base */,
			);
			name = LaunchScreen.xib;
			sourceTree = "<group>";
		};
/* End PBXVariantGroup section */

/* Begin XCBuildConfiguration section */
		D3E3CC101B788BB200EF6BF9 /* Debug */ = {
			isa = XCBuildConfiguration;
			buildSettings = {
				ALWAYS_SEARCH_USER_PATHS = NO;
				CLANG_CXX_LANGUAGE_STANDARD = "gnu++0x";
				CLANG_CXX_LIBRARY = "libc++";
				CLANG_ENABLE_MODULES = YES;
				CLANG_ENABLE_OBJC_ARC = YES;
				CLANG_WARN_BOOL_CONVERSION = YES;
				CLANG_WARN_CONSTANT_CONVERSION = YES;
				CLANG_WARN_DIRECT_OBJC_ISA_USAGE = YES_ERROR;
				CLANG_WARN_EMPTY_BODY = YES;
				CLANG_WARN_ENUM_CONVERSION = YES;
				CLANG_WARN_INT_CONVERSION = YES;
				CLANG_WARN_OBJC_ROOT_CLASS = YES_ERROR;
				CLANG_WARN_UNREACHABLE_CODE = YES;
				CLANG_WARN__DUPLICATE_METHOD_MATCH = YES;
				"CODE_SIGN_IDENTITY[sdk=iphoneos*]" = "iPhone Developer";
				COPY_PHASE_STRIP = NO;
				DEBUG_INFORMATION_FORMAT = "dwarf-with-dsym";
				ENABLE_STRICT_OBJC_MSGSEND = YES;
				GCC_C_LANGUAGE_STANDARD = gnu99;
				GCC_DYNAMIC_NO_PIC = NO;
				GCC_NO_COMMON_BLOCKS = YES;
				GCC_OPTIMIZATION_LEVEL = 0;
				GCC_PREPROCESSOR_DEFINITIONS = (
					"DEBUG=1",
					"$(inherited)",
				);
				GCC_SYMBOLS_PRIVATE_EXTERN = NO;
				GCC_WARN_64_TO_32_BIT_CONVERSION = YES;
				GCC_WARN_ABOUT_RETURN_TYPE = YES_ERROR;
				GCC_WARN_UNDECLARED_SELECTOR = YES;
				GCC_WARN_UNINITIALIZED_AUTOS = YES_AGGRESSIVE;
				GCC_WARN_UNUSED_FUNCTION = YES;
				GCC_WARN_UNUSED_VARIABLE = YES;
				IPHONEOS_DEPLOYMENT_TARGET = 8.3;
				MTL_ENABLE_DEBUG_INFO = YES;
				ONLY_ACTIVE_ARCH = YES;
				SDKROOT = iphoneos;
			};
			name = Debug;
		};
		D3E3CC111B788BB200EF6BF9 /* Release */ = {
			isa = XCBuildConfiguration;
			buildSettings = {
				ALWAYS_SEARCH_USER_PATHS = NO;
				CLANG_CXX_LANGUAGE_STANDARD = "gnu++0x";
				CLANG_CXX_LIBRARY = "libc++";
				CLANG_ENABLE_MODULES = YES;
				CLANG_ENABLE_OBJC_ARC = YES;
				CLANG_WARN_BOOL_CONVERSION = YES;
				CLANG_WARN_CONSTANT_CONVERSION = YES;
				CLANG_WARN_DIRECT_OBJC_ISA_USAGE = YES_ERROR;
				CLANG_WARN_EMPTY_BODY = YES;
				CLANG_WARN_ENUM_CONVERSION = YES;
				CLANG_WARN_INT_CONVERSION = YES;
				CLANG_WARN_OBJC_ROOT_CLASS = YES_ERROR;
				CLANG_WARN_UNREACHABLE_CODE = YES;
				CLANG_WARN__DUPLICATE_METHOD_MATCH = YES;
				"CODE_SIGN_IDENTITY[sdk=iphoneos*]" = "iPhone Developer";
				COPY_PHASE_STRIP = NO;
				DEBUG_INFORMATION_FORMAT = "dwarf-with-dsym";
				ENABLE_NS_ASSERTIONS = NO;
				ENABLE_STRICT_OBJC_MSGSEND = YES;
				GCC_C_LANGUAGE_STANDARD = gnu99;
				GCC_NO_COMMON_BLOCKS = YES;
				GCC_WARN_64_TO_32_BIT_CONVERSION = YES;
				GCC_WARN_ABOUT_RETURN_TYPE = YES_ERROR;
				GCC_WARN_UNDECLARED_SELECTOR = YES;
				GCC_WARN_UNINITIALIZED_AUTOS = YES_AGGRESSIVE;
				GCC_WARN_UNUSED_FUNCTION = YES;
				GCC_WARN_UNUSED_VARIABLE = YES;
				IPHONEOS_DEPLOYMENT_TARGET = 8.3;
				MTL_ENABLE_DEBUG_INFO = NO;
				SDKROOT = iphoneos;
				VALIDATE_PRODUCT = YES;
			};
			name = Release;
		};
		D3E3CC131B788BB200EF6BF9 /* Debug */ = {
			isa = XCBuildConfiguration;
			buildSettings = {
				ASSETCATALOG_COMPILER_APPICON_NAME = AppIcon;
				INFOPLIST_FILE = ADScrollviewDemo/Info.plist;
				LD_RUNPATH_SEARCH_PATHS = "$(inherited) @executable_path/Frameworks";
				PRODUCT_NAME = "$(TARGET_NAME)";
			};
			name = Debug;
		};
		D3E3CC141B788BB200EF6BF9 /* Release */ = {
			isa = XCBuildConfiguration;
			buildSettings = {
				ASSETCATALOG_COMPILER_APPICON_NAME = AppIcon;
				INFOPLIST_FILE = ADScrollviewDemo/Info.plist;
				LD_RUNPATH_SEARCH_PATHS = "$(inherited) @executable_path/Frameworks";
				PRODUCT_NAME = "$(TARGET_NAME)";
			};
			name = Release;
		};
		D3E3CC161B788BB200EF6BF9 /* Debug */ = {
			isa = XCBuildConfiguration;
			buildSettings = {
				BUNDLE_LOADER = "$(TEST_HOST)";
				FRAMEWORK_SEARCH_PATHS = (
					"$(SDKROOT)/Developer/Library/Frameworks",
					"$(inherited)",
				);
				GCC_PREPROCESSOR_DEFINITIONS = (
					"DEBUG=1",
					"$(inherited)",
				);
				INFOPLIST_FILE = ADScrollviewDemoTests/Info.plist;
				LD_RUNPATH_SEARCH_PATHS = "$(inherited) @executable_path/Frameworks @loader_path/Frameworks";
				PRODUCT_NAME = "$(TARGET_NAME)";
				TEST_HOST = "$(BUILT_PRODUCTS_DIR)/ADScrollviewDemo.app/ADScrollviewDemo";
			};
			name = Debug;
		};
		D3E3CC171B788BB200EF6BF9 /* Release */ = {
			isa = XCBuildConfiguration;
			buildSettings = {
				BUNDLE_LOADER = "$(TEST_HOST)";
				FRAMEWORK_SEARCH_PATHS = (
					"$(SDKROOT)/Developer/Library/Frameworks",
					"$(inherited)",
				);
				INFOPLIST_FILE = ADScrollviewDemoTests/Info.plist;
				LD_RUNPATH_SEARCH_PATHS = "$(inherited) @executable_path/Frameworks @loader_path/Frameworks";
				PRODUCT_NAME = "$(TARGET_NAME)";
				TEST_HOST = "$(BUILT_PRODUCTS_DIR)/ADScrollviewDemo.app/ADScrollviewDemo";
			};
			name = Release;
		};
/* End XCBuildConfiguration section */

/* Begin XCConfigurationList section */
		D3E3CBEA1B788BB200EF6BF9 /* Build configuration list for PBXProject "ADScrollviewDemo" */ = {
			isa = XCConfigurationList;
			buildConfigurations = (
				D3E3CC101B788BB200EF6BF9 /* Debug */,
				D3E3CC111B788BB200EF6BF9 /* Release */,
			);
			defaultConfigurationIsVisible = 0;
			defaultConfigurationName = Release;
		};
		D3E3CC121B788BB200EF6BF9 /* Build configuration list for PBXNativeTarget "ADScrollviewDemo" */ = {
			isa = XCConfigurationList;
			buildConfigurations = (
				D3E3CC131B788BB200EF6BF9 /* Debug */,
				D3E3CC141B788BB200EF6BF9 /* Release */,
			);
			defaultConfigurationIsVisible = 0;
			defaultConfigurationName = Release;
		};
		D3E3CC151B788BB200EF6BF9 /* Build configuration list for PBXNativeTarget "ADScrollviewDemoTests" */ = {
			isa = XCConfigurationList;
			buildConfigurations = (
				D3E3CC161B788BB200EF6BF9 /* Debug */,
				D3E3CC171B788BB200EF6BF9 /* Release */,
			);
			defaultConfigurationIsVisible = 0;
			defaultConfigurationName = Release;
		};
/* End XCConfigurationList section */
	};
	rootObject = D3E3CBE71B788BB200EF6BF9 /* Project object */;
}
